
Microsoft Visual Studio Solution File, Format Version 12.00
# Visual Studio Version 16
VisualStudioVersion = 16.0.31624.102
MinimumVisualStudioVersion = 10.0.40219.1
Project("{8BC9CEB8-8B4A-11D0-8D11-00A0C91BC942}") = "CalculationOfAreas", "CalculationOfAreas\CalculationOfAreas.vcxproj", "{EEA469F1-E3F7-4915-A364-4B70E6A37F31}"
EndProject
Project("{8BC9CEB8-8B4A-11D0-8D11-00A0C91BC942}") = "The area of the rectangle", "The area of the rectangle\The area of the rectangle.vcxproj", "{D15204F4-EE8F-46F3-BB5E-A21F3947EEF9}"
EndProject
Project("{8BC9CEB8-8B4A-11D0-8D11-00A0C91BC942}") = "The area of the circle", "The area of the circle\The area of the circle.vcxproj", "{0E9A455B-AFA9-41D5-B634-42E337764F16}"
EndProject
Project("{8BC9CEB8-8B4A-11D0-8D11-00A0C91BC942}") = "Arithmetic mean of numbers", "Arithmetic mean of numbers\Arithmetic mean of numbers.vcxproj", "{8156545D-BB46-4853-B293-8AD2DA2CF87F}"
EndProject
Project("{8BC9CEB8-8B4A-11D0-8D11-00A0C91BC942}") = "The average of the squares", "The average of the squares\The average of the squares.vcxproj", "{DDD5C23A-C79D-434A-95DE-34D1583C4B5B}"
EndProject
Project("{8BC9CEB8-8B4A-11D0-8D11-00A0C91BC942}") = "Arithmetic mean of modules", "Arithmetic mean of modules\Arithmetic mean of modules.vcxproj", "{09266638-A655-46FC-8212-98A5C9EE5E40}"
EndProject
Project("{8BC9CEB8-8B4A-11D0-8D11-00A0C91BC942}") = "Arithmetic mean of the roots", "Arithmetic mean of the roots\Arithmetic mean of the roots.vcxproj", "{09FA6AD5-2D70-4CAE-93CF-1A9396027A4D}"
EndProject
Project("{8BC9CEB8-8B4A-11D0-8D11-00A0C91BC942}") = "InversNumbers", "InversNumbers\InversNumbers.vcxproj", "{ACDC9AF0-0595-4132-85A2-CC68137499EA}"
EndProject
Global
	GlobalSection(SolutionConfigurationPlatforms) = preSolution
		Debug|x64 = Debug|x64
		Debug|x86 = Debug|x86
		Release|x64 = Release|x64
		Release|x86 = Release|x86
	EndGlobalSection
	GlobalSection(ProjectConfigurationPlatforms) = postSolution
		{EEA469F1-E3F7-4915-A364-4B70E6A37F31}.Debug|x64.ActiveCfg = Debug|x64
		{EEA469F1-E3F7-4915-A364-4B70E6A37F31}.Debug|x64.Build.0 = Debug|x64
		{EEA469F1-E3F7-4915-A364-4B70E6A37F31}.Debug|x86.ActiveCfg = Debug|Win32
		{EEA469F1-E3F7-4915-A364-4B70E6A37F31}.Debug|x86.Build.0 = Debug|Win32
		{EEA469F1-E3F7-4915-A364-4B70E6A37F31}.Release|x64.ActiveCfg = Release|x64
		{EEA469F1-E3F7-4915-A364-4B70E6A37F31}.Release|x64.Build.0 = Release|x64
		{EEA469F1-E3F7-4915-A364-4B70E6A37F31}.Release|x86.ActiveCfg = Release|Win32
		{EEA469F1-E3F7-4915-A364-4B70E6A37F31}.Release|x86.Build.0 = Release|Win32
		{D15204F4-EE8F-46F3-BB5E-A21F3947EEF9}.Debug|x64.ActiveCfg = Debug|x64
		{D15204F4-EE8F-46F3-BB5E-A21F3947EEF9}.Debug|x64.Build.0 = Debug|x64
		{D15204F4-EE8F-46F3-BB5E-A21F3947EEF9}.Debug|x86.ActiveCfg = Debug|Win32
		{D15204F4-EE8F-46F3-BB5E-A21F3947EEF9}.Debug|x86.Build.0 = Debug|Win32
		{D15204F4-EE8F-46F3-BB5E-A21F3947EEF9}.Release|x64.ActiveCfg = Release|x64
		{D15204F4-EE8F-46F3-BB5E-A21F3947EEF9}.Release|x64.Build.0 = Release|x64
		{D15204F4-EE8F-46F3-BB5E-A21F3947EEF9}.Release|x86.ActiveCfg = Release|Win32
		{D15204F4-EE8F-46F3-BB5E-A21F3947EEF9}.Release|x86.Build.0 = Release|Win32
		{0E9A455B-AFA9-41D5-B634-42E337764F16}.Debug|x64.ActiveCfg = Debug|x64
		{0E9A455B-AFA9-41D5-B634-42E337764F16}.Debug|x64.Build.0 = Debug|x64
		{0E9A455B-AFA9-41D5-B634-42E337764F16}.Debug|x86.ActiveCfg = Debug|Win32
		{0E9A455B-AFA9-41D5-B634-42E337764F16}.Debug|x86.Build.0 = Debug|Win32
		{0E9A455B-AFA9-41D5-B634-42E337764F16}.Release|x64.ActiveCfg = Release|x64
		{0E9A455B-AFA9-41D5-B634-42E337764F16}.Release|x64.Build.0 = Release|x64
		{0E9A455B-AFA9-41D5-B634-42E337764F16}.Release|x86.ActiveCfg = Release|Win32
		{0E9A455B-AFA9-41D5-B634-42E337764F16}.Release|x86.Build.0 = Release|Win32
		{8156545D-BB46-4853-B293-8AD2DA2CF87F}.Debug|x64.ActiveCfg = Debug|x64
		{8156545D-BB46-4853-B293-8AD2DA2CF87F}.Debug|x64.Build.0 = Debug|x64
		{8156545D-BB46-4853-B293-8AD2DA2CF87F}.Debug|x86.ActiveCfg = Debug|Win32
		{8156545D-BB46-4853-B293-8AD2DA2CF87F}.Debug|x86.Build.0 = Debug|Win32
		{8156545D-BB46-4853-B293-8AD2DA2CF87F}.Release|x64.ActiveCfg = Release|x64
		{8156545D-BB46-4853-B293-8AD2DA2CF87F}.Release|x64.Build.0 = Release|x64
		{8156545D-BB46-4853-B293-8AD2DA2CF87F}.Release|x86.ActiveCfg = Release|Win32
		{8156545D-BB46-4853-B293-8AD2DA2CF87F}.Release|x86.Build.0 = Release|Win32
		{DDD5C23A-C79D-434A-95DE-34D1583C4B5B}.Debug|x64.ActiveCfg = Debug|x64
		{DDD5C23A-C79D-434A-95DE-34D1583C4B5B}.Debug|x64.Build.0 = Debug|x64
		{DDD5C23A-C79D-434A-95DE-34D1583C4B5B}.Debug|x86.ActiveCfg = Debug|Win32
		{DDD5C23A-C79D-434A-95DE-34D1583C4B5B}.Debug|x86.Build.0 = Debug|Win32
		{DDD5C23A-C79D-434A-95DE-34D1583C4B5B}.Release|x64.ActiveCfg = Release|x64
		{DDD5C23A-C79D-434A-95DE-34D1583C4B5B}.Release|x64.Build.0 = Release|x64
		{DDD5C23A-C79D-434A-95DE-34D1583C4B5B}.Release|x86.ActiveCfg = Release|Win32
		{DDD5C23A-C79D-434A-95DE-34D1583C4B5B}.Release|x86.Build.0 = Release|Win32
		{09266638-A655-46FC-8212-98A5C9EE5E40}.Debug|x64.ActiveCfg = Debug|x64
		{09266638-A655-46FC-8212-98A5C9EE5E40}.Debug|x64.Build.0 = Debug|x64
		{09266638-A655-46FC-8212-98A5C9EE5E40}.Debug|x86.ActiveCfg = Debug|Win32
		{09266638-A655-46FC-8212-98A5C9EE5E40}.Debug|x86.Build.0 = Debug|Win32
		{09266638-A655-46FC-8212-98A5C9EE5E40}.Release|x64.ActiveCfg = Release|x64
		{09266638-A655-46FC-8212-98A5C9EE5E40}.Release|x64.Build.0 = Release|x64
		{09266638-A655-46FC-8212-98A5C9EE5E40}.Release|x86.ActiveCfg = Release|Win32
		{09266638-A655-46FC-8212-98A5C9EE5E40}.Release|x86.Build.0 = Release|Win32
		{09FA6AD5-2D70-4CAE-93CF-1A9396027A4D}.Debug|x64.ActiveCfg = Debug|x64
		{09FA6AD5-2D70-4CAE-93CF-1A9396027A4D}.Debug|x64.Build.0 = Debug|x64
		{09FA6AD5-2D70-4CAE-93CF-1A9396027A4D}.Debug|x86.ActiveCfg = Debug|Win32
		{09FA6AD5-2D70-4CAE-93CF-1A9396027A4D}.Debug|x86.Build.0 = Debug|Win32
		{09FA6AD5-2D70-4CAE-93CF-1A9396027A4D}.Release|x64.ActiveCfg = Release|x64
		{09FA6AD5-2D70-4CAE-93CF-1A9396027A4D}.Release|x64.Build.0 = Release|x64
		{09FA6AD5-2D70-4CAE-93CF-1A9396027A4D}.Release|x86.ActiveCfg = Release|Win32
		{09FA6AD5-2D70-4CAE-93CF-1A9396027A4D}.Release|x86.Build.0 = Release|Win32
		{ACDC9AF0-0595-4132-85A2-CC68137499EA}.Debug|x64.ActiveCfg = Debug|x64
		{ACDC9AF0-0595-4132-85A2-CC68137499EA}.Debug|x64.Build.0 = Debug|x64
		{ACDC9AF0-0595-4132-85A2-CC68137499EA}.Debug|x86.ActiveCfg = Debug|Win32
		{ACDC9AF0-0595-4132-85A2-CC68137499EA}.Debug|x86.Build.0 = Debug|Win32
		{ACDC9AF0-0595-4132-85A2-CC68137499EA}.Release|x64.ActiveCfg = Release|x64
		{ACDC9AF0-0595-4132-85A2-CC68137499EA}.Release|x64.Build.0 = Release|x64
		{ACDC9AF0-0595-4132-85A2-CC68137499EA}.Release|x86.ActiveCfg = Release|Win32
		{ACDC9AF0-0595-4132-85A2-CC68137499EA}.Release|x86.Build.0 = Release|Win32
	EndGlobalSection
	GlobalSection(SolutionProperties) = preSolution
		HideSolutionNode = FALSE
	EndGlobalSection
	GlobalSection(ExtensibilityGlobals) = postSolution
		SolutionGuid = {B33B620D-3763-4F5C-83CC-18FC2EEC4CF6}
	EndGlobalSection
EndGlobal
